
Microsoft Visual Studio Solution File, Format Version 12.00
# Visual Studio 2013
VisualStudioVersion = 12.0.40629.0
MinimumVisualStudioVersion = 10.0.40219.1
Project("{FAE04EC0-301F-11D3-BF4B-00C04F79EFBC}") = "Task01", "Task01\Task01.csproj", "{CDBB9605-0626-4B3D-8C84-84F9EC2CE4ED}"
EndProject
Project("{FAE04EC0-301F-11D3-BF4B-00C04F79EFBC}") = "Task02", "Task02\Task02.csproj", "{96FD592D-C330-4EF6-8E34-ADCF5A8732E7}"
EndProject
Project("{FAE04EC0-301F-11D3-BF4B-00C04F79EFBC}") = "Task03", "Task03\Task03.csproj", "{A1E91DD0-BA90-40D0-862C-C873CBAB895D}"
EndProject
Project("{FAE04EC0-301F-11D3-BF4B-00C04F79EFBC}") = "Task06", "Task06\Task06.csproj", "{F39E5B22-F216-4C28-A603-343B3221484F}"
EndProject
Project("{FAE04EC0-301F-11D3-BF4B-00C04F79EFBC}") = "Task05", "Task05\Task05.csproj", "{F9D8919A-8A9B-4204-A235-AAC5C31B8D27}"
EndProject
Project("{FAE04EC0-301F-11D3-BF4B-00C04F79EFBC}") = "Task08", "Task08\Task08.csproj", "{38319880-E78E-4A6D-95E3-8B1E8656A056}"
EndProject
Project("{FAE04EC0-301F-11D3-BF4B-00C04F79EFBC}") = "Task09", "Task09\Task09.csproj", "{08516635-5A31-464C-BDCB-F34A0D332C47}"
EndProject
Project("{FAE04EC0-301F-11D3-BF4B-00C04F79EFBC}") = "Task10", "Task10\Task10.csproj", "{1153F5F6-5874-424E-A694-75E85743609E}"
EndProject
Global
	GlobalSection(SolutionConfigurationPlatforms) = preSolution
		Debug|Any CPU = Debug|Any CPU
		Release|Any CPU = Release|Any CPU
	EndGlobalSection
	GlobalSection(ProjectConfigurationPlatforms) = postSolution
		{CDBB9605-0626-4B3D-8C84-84F9EC2CE4ED}.Debug|Any CPU.ActiveCfg = Debug|Any CPU
		{CDBB9605-0626-4B3D-8C84-84F9EC2CE4ED}.Debug|Any CPU.Build.0 = Debug|Any CPU
		{CDBB9605-0626-4B3D-8C84-84F9EC2CE4ED}.Release|Any CPU.ActiveCfg = Release|Any CPU
		{CDBB9605-0626-4B3D-8C84-84F9EC2CE4ED}.Release|Any CPU.Build.0 = Release|Any CPU
		{96FD592D-C330-4EF6-8E34-ADCF5A8732E7}.Debug|Any CPU.ActiveCfg = Debug|Any CPU
		{96FD592D-C330-4EF6-8E34-ADCF5A8732E7}.Debug|Any CPU.Build.0 = Debug|Any CPU
		{96FD592D-C330-4EF6-8E34-ADCF5A8732E7}.Release|Any CPU.ActiveCfg = Release|Any CPU
		{96FD592D-C330-4EF6-8E34-ADCF5A8732E7}.Release|Any CPU.Build.0 = Release|Any CPU
		{A1E91DD0-BA90-40D0-862C-C873CBAB895D}.Debug|Any CPU.ActiveCfg = Debug|Any CPU
		{A1E91DD0-BA90-40D0-862C-C873CBAB895D}.Debug|Any CPU.Build.0 = Debug|Any CPU
		{A1E91DD0-BA90-40D0-862C-C873CBAB895D}.Release|Any CPU.ActiveCfg = Release|Any CPU
		{A1E91DD0-BA90-40D0-862C-C873CBAB895D}.Release|Any CPU.Build.0 = Release|Any CPU
		{F39E5B22-F216-4C28-A603-343B3221484F}.Debug|Any CPU.ActiveCfg = Debug|Any CPU
		{F39E5B22-F216-4C28-A603-343B3221484F}.Debug|Any CPU.Build.0 = Debug|Any CPU
		{F39E5B22-F216-4C28-A603-343B3221484F}.Release|Any CPU.ActiveCfg = Release|Any CPU
		{F39E5B22-F216-4C28-A603-343B3221484F}.Release|Any CPU.Build.0 = Release|Any CPU
		{F9D8919A-8A9B-4204-A235-AAC5C31B8D27}.Debug|Any CPU.ActiveCfg = Debug|Any CPU
		{F9D8919A-8A9B-4204-A235-AAC5C31B8D27}.Debug|Any CPU.Build.0 = Debug|Any CPU
		{F9D8919A-8A9B-4204-A235-AAC5C31B8D27}.Release|Any CPU.ActiveCfg = Release|Any CPU
		{F9D8919A-8A9B-4204-A235-AAC5C31B8D27}.Release|Any CPU.Build.0 = Release|Any CPU
		{38319880-E78E-4A6D-95E3-8B1E8656A056}.Debug|Any CPU.ActiveCfg = Debug|Any CPU
		{38319880-E78E-4A6D-95E3-8B1E8656A056}.Debug|Any CPU.Build.0 = Debug|Any CPU
		{38319880-E78E-4A6D-95E3-8B1E8656A056}.Release|Any CPU.ActiveCfg = Release|Any CPU
		{38319880-E78E-4A6D-95E3-8B1E8656A056}.Release|Any CPU.Build.0 = Release|Any CPU
		{08516635-5A31-464C-BDCB-F34A0D332C47}.Debug|Any CPU.ActiveCfg = Debug|Any CPU
		{08516635-5A31-464C-BDCB-F34A0D332C47}.Debug|Any CPU.Build.0 = Debug|Any CPU
		{08516635-5A31-464C-BDCB-F34A0D332C47}.Release|Any CPU.ActiveCfg = Release|Any CPU
		{08516635-5A31-464C-BDCB-F34A0D332C47}.Release|Any CPU.Build.0 = Release|Any CPU
		{1153F5F6-5874-424E-A694-75E85743609E}.Debug|Any CPU.ActiveCfg = Debug|Any CPU
		{1153F5F6-5874-424E-A694-75E85743609E}.Debug|Any CPU.Build.0 = Debug|Any CPU
		{1153F5F6-5874-424E-A694-75E85743609E}.Release|Any CPU.ActiveCfg = Release|Any CPU
		{1153F5F6-5874-424E-A694-75E85743609E}.Release|Any CPU.Build.0 = Release|Any CPU
	EndGlobalSection
	GlobalSection(SolutionProperties) = preSolution
		HideSolutionNode = FALSE
	EndGlobalSection
EndGlobal
